
Microsoft Visual Studio Solution File, Format Version 12.00
# Visual Studio Version 17
VisualStudioVersion = 17.0.31903.59
MinimumVisualStudioVersion = 10.0.40219.1
Project("{FAE04EC0-301F-11D3-BF4B-00C04F79EFBC}") = "Common.Domain", "src\Common\Common.Domain\Common.Domain.csproj", "{A1000001-0000-0000-0000-000000000001}"
EndProject
Project("{FAE04EC0-301F-11D3-BF4B-00C04F79EFBC}") = "Common.Application", "src\Common\Common.Application\Common.Application.csproj", "{A1000002-0000-0000-0000-000000000002}"
EndProject
Project("{FAE04EC0-301F-11D3-BF4B-00C04F79EFBC}") = "Common.Infrastructure", "src\Common\Common.Infrastructure\Common.Infrastructure.csproj", "{A1000003-0000-0000-0000-000000000003}"
EndProject
Project("{FAE04EC0-301F-11D3-BF4B-00C04F79EFBC}") = "ProductService.Domain", "src\Services\ProductService\ProductService.Domain\ProductService.Domain.csproj", "{A2000001-0000-0000-0000-000000000001}"
EndProject
Project("{FAE04EC0-301F-11D3-BF4B-00C04F79EFBC}") = "ProductService.Application", "src\Services\ProductService\ProductService.Application\ProductService.Application.csproj", "{A2000002-0000-0000-0000-000000000002}"
EndProject
Project("{FAE04EC0-301F-11D3-BF4B-00C04F79EFBC}") = "ProductService.Infrastructure", "src\Services\ProductService\ProductService.Infrastructure\ProductService.Infrastructure.csproj", "{A2000003-0000-0000-0000-000000000003}"
EndProject
Project("{FAE04EC0-301F-11D3-BF4B-00C04F79EFBC}") = "ProductService.Api", "src\Services\ProductService\ProductService.Api\ProductService.Api.csproj", "{A2000004-0000-0000-0000-000000000004}"
EndProject
Project("{FAE04EC0-301F-11D3-BF4B-00C04F79EFBC}") = "MatchingService.Domain", "src\Services\MatchingService\MatchingService.Domain\MatchingService.Domain.csproj", "{A3000001-0000-0000-0000-000000000001}"
EndProject
Project("{FAE04EC0-301F-11D3-BF4B-00C04F79EFBC}") = "MatchingService.Application", "src\Services\MatchingService\MatchingService.Application\MatchingService.Application.csproj", "{A3000002-0000-0000-0000-000000000002}"
EndProject
Project("{FAE04EC0-301F-11D3-BF4B-00C04F79EFBC}") = "MatchingService.Infrastructure", "src\Services\MatchingService\MatchingService.Infrastructure\MatchingService.Infrastructure.csproj", "{A3000003-0000-0000-0000-000000000003}"
EndProject
Project("{FAE04EC0-301F-11D3-BF4B-00C04F79EFBC}") = "MatchingService.Api", "src\Services\MatchingService\MatchingService.Api\MatchingService.Api.csproj", "{A3000004-0000-0000-0000-000000000004}"
EndProject
Project("{FAE04EC0-301F-11D3-BF4B-00C04F79EFBC}") = "ScoringService.Domain", "src\Services\ScoringService\ScoringService.Domain\ScoringService.Domain.csproj", "{A4000001-0000-0000-0000-000000000001}"
EndProject
Project("{FAE04EC0-301F-11D3-BF4B-00C04F79EFBC}") = "ScoringService.Application", "src\Services\ScoringService\ScoringService.Application\ScoringService.Application.csproj", "{A4000002-0000-0000-0000-000000000002}"
EndProject
Project("{FAE04EC0-301F-11D3-BF4B-00C04F79EFBC}") = "ScoringService.Infrastructure", "src\Services\ScoringService\ScoringService.Infrastructure\ScoringService.Infrastructure.csproj", "{A4000003-0000-0000-0000-000000000003}"
EndProject
Project("{FAE04EC0-301F-11D3-BF4B-00C04F79EFBC}") = "ScoringService.Api", "src\Services\ScoringService\ScoringService.Api\ScoringService.Api.csproj", "{A4000004-0000-0000-0000-000000000004}"
EndProject
Project("{FAE04EC0-301F-11D3-BF4B-00C04F79EFBC}") = "NotificationService.Domain", "src\Services\NotificationService\NotificationService.Domain\NotificationService.Domain.csproj", "{A5000001-0000-0000-0000-000000000001}"
EndProject
Project("{FAE04EC0-301F-11D3-BF4B-00C04F79EFBC}") = "NotificationService.Application", "src\Services\NotificationService\NotificationService.Application\NotificationService.Application.csproj", "{A5000002-0000-0000-0000-000000000002}"
EndProject
Project("{FAE04EC0-301F-11D3-BF4B-00C04F79EFBC}") = "NotificationService.Infrastructure", "src\Services\NotificationService\NotificationService.Infrastructure\NotificationService.Infrastructure.csproj", "{A5000003-0000-0000-0000-000000000003}"
EndProject
Project("{FAE04EC0-301F-11D3-BF4B-00C04F79EFBC}") = "NotificationService.Api", "src\Services\NotificationService\NotificationService.Api\NotificationService.Api.csproj", "{A5000004-0000-0000-0000-000000000004}"
EndProject
Project("{FAE04EC0-301F-11D3-BF4B-00C04F79EFBC}") = "ScrapingService.Domain", "src\Services\ScrapingService\ScrapingService.Domain\ScrapingService.Domain.csproj", "{A6000001-0000-0000-0000-000000000001}"
EndProject
Project("{FAE04EC0-301F-11D3-BF4B-00C04F79EFBC}") = "ScrapingService.Application", "src\Services\ScrapingService\ScrapingService.Application\ScrapingService.Application.csproj", "{A6000002-0000-0000-0000-000000000002}"
EndProject
Project("{FAE04EC0-301F-11D3-BF4B-00C04F79EFBC}") = "ScrapingService.Worker", "src\Services\ScrapingService\ScrapingService.Worker\ScrapingService.Worker.csproj", "{A6000003-0000-0000-0000-000000000003}"
EndProject
Project("{FAE04EC0-301F-11D3-BF4B-00C04F79EFBC}") = "CMA.Gateway", "src\Apps\CMA.Gateway\CMA.Gateway.csproj", "{B0000001-0000-0000-0000-000000000001}"
EndProject
Project("{FAE04EC0-301F-11D3-BF4B-00C04F79EFBC}") = "Common.UnitTests", "tests\Common.UnitTests\Common.UnitTests.csproj", "{C0000001-0000-0000-0000-000000000001}"
EndProject
Project("{FAE04EC0-301F-11D3-BF4B-00C04F79EFBC}") = "ProductService.UnitTests", "tests\ProductService.UnitTests\ProductService.UnitTests.csproj", "{C0000002-0000-0000-0000-000000000002}"
EndProject
Project("{FAE04EC0-301F-11D3-BF4B-00C04F79EFBC}") = "MatchingService.UnitTests", "tests\MatchingService.UnitTests\MatchingService.UnitTests.csproj", "{C0000003-0000-0000-0000-000000000003}"
EndProject
Project("{FAE04EC0-301F-11D3-BF4B-00C04F79EFBC}") = "ScoringService.UnitTests", "tests\ScoringService.UnitTests\ScoringService.UnitTests.csproj", "{C0000004-0000-0000-0000-000000000004}"
EndProject
Project("{FAE04EC0-301F-11D3-BF4B-00C04F79EFBC}") = "ProductService.IntegrationTests", "tests\ProductService.IntegrationTests\ProductService.IntegrationTests.csproj", "{C0000005-0000-0000-0000-000000000005}"
EndProject
Project("{2150E333-8FDC-42A3-9474-1A3956D46DE8}") = "src", "src", "{827E0CD3-B72D-47B6-A68D-7590B98EB39B}"
EndProject
Project("{2150E333-8FDC-42A3-9474-1A3956D46DE8}") = "Services", "Services", "{984BB9B3-3FA3-BE33-9484-CAC21695A33C}"
EndProject
Project("{2150E333-8FDC-42A3-9474-1A3956D46DE8}") = "ProductService", "ProductService", "{C956A69C-8222-8E0F-7E05-45145B4D88F9}"
EndProject
Project("{FAE04EC0-301F-11D3-BF4B-00C04F79EFBC}") = "ProductService.Contracts", "src\Services\ProductService\ProductService.Contracts\ProductService.Contracts.csproj", "{76BDA397-73F7-4D36-9193-51B2B53B6A6C}"
EndProject
Global
	GlobalSection(SolutionConfigurationPlatforms) = preSolution
		Debug|Any CPU = Debug|Any CPU
		Debug|x64 = Debug|x64
		Debug|x86 = Debug|x86
		Release|Any CPU = Release|Any CPU
		Release|x64 = Release|x64
		Release|x86 = Release|x86
	EndGlobalSection
	GlobalSection(ProjectConfigurationPlatforms) = postSolution
		{A1000001-0000-0000-0000-000000000001}.Debug|Any CPU.ActiveCfg = Debug|Any CPU
		{A1000001-0000-0000-0000-000000000001}.Debug|Any CPU.Build.0 = Debug|Any CPU
		{A1000001-0000-0000-0000-000000000001}.Debug|x64.ActiveCfg = Debug|Any CPU
		{A1000001-0000-0000-0000-000000000001}.Debug|x64.Build.0 = Debug|Any CPU
		{A1000001-0000-0000-0000-000000000001}.Debug|x86.ActiveCfg = Debug|Any CPU
		{A1000001-0000-0000-0000-000000000001}.Debug|x86.Build.0 = Debug|Any CPU
		{A1000001-0000-0000-0000-000000000001}.Release|Any CPU.ActiveCfg = Release|Any CPU
		{A1000001-0000-0000-0000-000000000001}.Release|Any CPU.Build.0 = Release|Any CPU
		{A1000001-0000-0000-0000-000000000001}.Release|x64.ActiveCfg = Release|Any CPU
		{A1000001-0000-0000-0000-000000000001}.Release|x64.Build.0 = Release|Any CPU
		{A1000001-0000-0000-0000-000000000001}.Release|x86.ActiveCfg = Release|Any CPU
		{A1000001-0000-0000-0000-000000000001}.Release|x86.Build.0 = Release|Any CPU
		{A1000002-0000-0000-0000-000000000002}.Debug|Any CPU.ActiveCfg = Debug|Any CPU
		{A1000002-0000-0000-0000-000000000002}.Debug|Any CPU.Build.0 = Debug|Any CPU
		{A1000002-0000-0000-0000-000000000002}.Debug|x64.ActiveCfg = Debug|Any CPU
		{A1000002-0000-0000-0000-000000000002}.Debug|x64.Build.0 = Debug|Any CPU
		{A1000002-0000-0000-0000-000000000002}.Debug|x86.ActiveCfg = Debug|Any CPU
		{A1000002-0000-0000-0000-000000000002}.Debug|x86.Build.0 = Debug|Any CPU
		{A1000002-0000-0000-0000-000000000002}.Release|Any CPU.ActiveCfg = Release|Any CPU
		{A1000002-0000-0000-0000-000000000002}.Release|Any CPU.Build.0 = Release|Any CPU
		{A1000002-0000-0000-0000-000000000002}.Release|x64.ActiveCfg = Release|Any CPU
		{A1000002-0000-0000-0000-000000000002}.Release|x64.Build.0 = Release|Any CPU
		{A1000002-0000-0000-0000-000000000002}.Release|x86.ActiveCfg = Release|Any CPU
		{A1000002-0000-0000-0000-000000000002}.Release|x86.Build.0 = Release|Any CPU
		{A1000003-0000-0000-0000-000000000003}.Debug|Any CPU.ActiveCfg = Debug|Any CPU
		{A1000003-0000-0000-0000-000000000003}.Debug|Any CPU.Build.0 = Debug|Any CPU
		{A1000003-0000-0000-0000-000000000003}.Debug|x64.ActiveCfg = Debug|Any CPU
		{A1000003-0000-0000-0000-000000000003}.Debug|x64.Build.0 = Debug|Any CPU
		{A1000003-0000-0000-0000-000000000003}.Debug|x86.ActiveCfg = Debug|Any CPU
		{A1000003-0000-0000-0000-000000000003}.Debug|x86.Build.0 = Debug|Any CPU
		{A1000003-0000-0000-0000-000000000003}.Release|Any CPU.ActiveCfg = Release|Any CPU
		{A1000003-0000-0000-0000-000000000003}.Release|Any CPU.Build.0 = Release|Any CPU
		{A1000003-0000-0000-0000-000000000003}.Release|x64.ActiveCfg = Release|Any CPU
		{A1000003-0000-0000-0000-000000000003}.Release|x64.Build.0 = Release|Any CPU
		{A1000003-0000-0000-0000-000000000003}.Release|x86.ActiveCfg = Release|Any CPU
		{A1000003-0000-0000-0000-000000000003}.Release|x86.Build.0 = Release|Any CPU
		{A2000001-0000-0000-0000-000000000001}.Debug|Any CPU.ActiveCfg = Debug|Any CPU
		{A2000001-0000-0000-0000-000000000001}.Debug|Any CPU.Build.0 = Debug|Any CPU
		{A2000001-0000-0000-0000-000000000001}.Debug|x64.ActiveCfg = Debug|Any CPU
		{A2000001-0000-0000-0000-000000000001}.Debug|x64.Build.0 = Debug|Any CPU
		{A2000001-0000-0000-0000-000000000001}.Debug|x86.ActiveCfg = Debug|Any CPU
		{A2000001-0000-0000-0000-000000000001}.Debug|x86.Build.0 = Debug|Any CPU
		{A2000001-0000-0000-0000-000000000001}.Release|Any CPU.ActiveCfg = Release|Any CPU
		{A2000001-0000-0000-0000-000000000001}.Release|Any CPU.Build.0 = Release|Any CPU
		{A2000001-0000-0000-0000-000000000001}.Release|x64.ActiveCfg = Release|Any CPU
		{A2000001-0000-0000-0000-000000000001}.Release|x64.Build.0 = Release|Any CPU
		{A2000001-0000-0000-0000-000000000001}.Release|x86.ActiveCfg = Release|Any CPU
		{A2000001-0000-0000-0000-000000000001}.Release|x86.Build.0 = Release|Any CPU
		{A2000002-0000-0000-0000-000000000002}.Debug|Any CPU.ActiveCfg = Debug|Any CPU
		{A2000002-0000-0000-0000-000000000002}.Debug|Any CPU.Build.0 = Debug|Any CPU
		{A2000002-0000-0000-0000-000000000002}.Debug|x64.ActiveCfg = Debug|Any CPU
		{A2000002-0000-0000-0000-000000000002}.Debug|x64.Build.0 = Debug|Any CPU
		{A2000002-0000-0000-0000-000000000002}.Debug|x86.ActiveCfg = Debug|Any CPU
		{A2000002-0000-0000-0000-000000000002}.Debug|x86.Build.0 = Debug|Any CPU
		{A2000002-0000-0000-0000-000000000002}.Release|Any CPU.ActiveCfg = Release|Any CPU
		{A2000002-0000-0000-0000-000000000002}.Release|Any CPU.Build.0 = Release|Any CPU
		{A2000002-0000-0000-0000-000000000002}.Release|x64.ActiveCfg = Release|Any CPU
		{A2000002-0000-0000-0000-000000000002}.Release|x64.Build.0 = Release|Any CPU
		{A2000002-0000-0000-0000-000000000002}.Release|x86.ActiveCfg = Release|Any CPU
		{A2000002-0000-0000-0000-000000000002}.Release|x86.Build.0 = Release|Any CPU
		{A2000003-0000-0000-0000-000000000003}.Debug|Any CPU.ActiveCfg = Debug|Any CPU
		{A2000003-0000-0000-0000-000000000003}.Debug|Any CPU.Build.0 = Debug|Any CPU
		{A2000003-0000-0000-0000-000000000003}.Debug|x64.ActiveCfg = Debug|Any CPU
		{A2000003-0000-0000-0000-000000000003}.Debug|x64.Build.0 = Debug|Any CPU
		{A2000003-0000-0000-0000-000000000003}.Debug|x86.ActiveCfg = Debug|Any CPU
		{A2000003-0000-0000-0000-000000000003}.Debug|x86.Build.0 = Debug|Any CPU
		{A2000003-0000-0000-0000-000000000003}.Release|Any CPU.ActiveCfg = Release|Any CPU
		{A2000003-0000-0000-0000-000000000003}.Release|Any CPU.Build.0 = Release|Any CPU
		{A2000003-0000-0000-0000-000000000003}.Release|x64.ActiveCfg = Release|Any CPU
		{A2000003-0000-0000-0000-000000000003}.Release|x64.Build.0 = Release|Any CPU
		{A2000003-0000-0000-0000-000000000003}.Release|x86.ActiveCfg = Release|Any CPU
		{A2000003-0000-0000-0000-000000000003}.Release|x86.Build.0 = Release|Any CPU
		{A2000004-0000-0000-0000-000000000004}.Debug|Any CPU.ActiveCfg = Debug|Any CPU
		{A2000004-0000-0000-0000-000000000004}.Debug|Any CPU.Build.0 = Debug|Any CPU
		{A2000004-0000-0000-0000-000000000004}.Debug|x64.ActiveCfg = Debug|Any CPU
		{A2000004-0000-0000-0000-000000000004}.Debug|x64.Build.0 = Debug|Any CPU
		{A2000004-0000-0000-0000-000000000004}.Debug|x86.ActiveCfg = Debug|Any CPU
		{A2000004-0000-0000-0000-000000000004}.Debug|x86.Build.0 = Debug|Any CPU
		{A2000004-0000-0000-0000-000000000004}.Release|Any CPU.ActiveCfg = Release|Any CPU
		{A2000004-0000-0000-0000-000000000004}.Release|Any CPU.Build.0 = Release|Any CPU
		{A2000004-0000-0000-0000-000000000004}.Release|x64.ActiveCfg = Release|Any CPU
		{A2000004-0000-0000-0000-000000000004}.Release|x64.Build.0 = Release|Any CPU
		{A2000004-0000-0000-0000-000000000004}.Release|x86.ActiveCfg = Release|Any CPU
		{A2000004-0000-0000-0000-000000000004}.Release|x86.Build.0 = Release|Any CPU
		{A3000001-0000-0000-0000-000000000001}.Debug|Any CPU.ActiveCfg = Debug|Any CPU
		{A3000001-0000-0000-0000-000000000001}.Debug|Any CPU.Build.0 = Debug|Any CPU
		{A3000001-0000-0000-0000-000000000001}.Debug|x64.ActiveCfg = Debug|Any CPU
		{A3000001-0000-0000-0000-000000000001}.Debug|x64.Build.0 = Debug|Any CPU
		{A3000001-0000-0000-0000-000000000001}.Debug|x86.ActiveCfg = Debug|Any CPU
		{A3000001-0000-0000-0000-000000000001}.Debug|x86.Build.0 = Debug|Any CPU
		{A3000001-0000-0000-0000-000000000001}.Release|Any CPU.ActiveCfg = Release|Any CPU
		{A3000001-0000-0000-0000-000000000001}.Release|Any CPU.Build.0 = Release|Any CPU
		{A3000001-0000-0000-0000-000000000001}.Release|x64.ActiveCfg = Release|Any CPU
		{A3000001-0000-0000-0000-000000000001}.Release|x64.Build.0 = Release|Any CPU
		{A3000001-0000-0000-0000-000000000001}.Release|x86.ActiveCfg = Release|Any CPU
		{A3000001-0000-0000-0000-000000000001}.Release|x86.Build.0 = Release|Any CPU
		{A3000002-0000-0000-0000-000000000002}.Debug|Any CPU.ActiveCfg = Debug|Any CPU
		{A3000002-0000-0000-0000-000000000002}.Debug|Any CPU.Build.0 = Debug|Any CPU
		{A3000002-0000-0000-0000-000000000002}.Debug|x64.ActiveCfg = Debug|Any CPU
		{A3000002-0000-0000-0000-000000000002}.Debug|x64.Build.0 = Debug|Any CPU
		{A3000002-0000-0000-0000-000000000002}.Debug|x86.ActiveCfg = Debug|Any CPU
		{A3000002-0000-0000-0000-000000000002}.Debug|x86.Build.0 = Debug|Any CPU
		{A3000002-0000-0000-0000-000000000002}.Release|Any CPU.ActiveCfg = Release|Any CPU
		{A3000002-0000-0000-0000-000000000002}.Release|Any CPU.Build.0 = Release|Any CPU
		{A3000002-0000-0000-0000-000000000002}.Release|x64.ActiveCfg = Release|Any CPU
		{A3000002-0000-0000-0000-000000000002}.Release|x64.Build.0 = Release|Any CPU
		{A3000002-0000-0000-0000-000000000002}.Release|x86.ActiveCfg = Release|Any CPU
		{A3000002-0000-0000-0000-000000000002}.Release|x86.Build.0 = Release|Any CPU
		{A3000003-0000-0000-0000-000000000003}.Debug|Any CPU.ActiveCfg = Debug|Any CPU
		{A3000003-0000-0000-0000-000000000003}.Debug|Any CPU.Build.0 = Debug|Any CPU
		{A3000003-0000-0000-0000-000000000003}.Debug|x64.ActiveCfg = Debug|Any CPU
		{A3000003-0000-0000-0000-000000000003}.Debug|x64.Build.0 = Debug|Any CPU
		{A3000003-0000-0000-0000-000000000003}.Debug|x86.ActiveCfg = Debug|Any CPU
		{A3000003-0000-0000-0000-000000000003}.Debug|x86.Build.0 = Debug|Any CPU
		{A3000003-0000-0000-0000-000000000003}.Release|Any CPU.ActiveCfg = Release|Any CPU
		{A3000003-0000-0000-0000-000000000003}.Release|Any CPU.Build.0 = Release|Any CPU
		{A3000003-0000-0000-0000-000000000003}.Release|x64.ActiveCfg = Release|Any CPU
		{A3000003-0000-0000-0000-000000000003}.Release|x64.Build.0 = Release|Any CPU
		{A3000003-0000-0000-0000-000000000003}.Release|x86.ActiveCfg = Release|Any CPU
		{A3000003-0000-0000-0000-000000000003}.Release|x86.Build.0 = Release|Any CPU
		{A3000004-0000-0000-0000-000000000004}.Debug|Any CPU.ActiveCfg = Debug|Any CPU
		{A3000004-0000-0000-0000-000000000004}.Debug|Any CPU.Build.0 = Debug|Any CPU
		{A3000004-0000-0000-0000-000000000004}.Debug|x64.ActiveCfg = Debug|Any CPU
		{A3000004-0000-0000-0000-000000000004}.Debug|x64.Build.0 = Debug|Any CPU
		{A3000004-0000-0000-0000-000000000004}.Debug|x86.ActiveCfg = Debug|Any CPU
		{A3000004-0000-0000-0000-000000000004}.Debug|x86.Build.0 = Debug|Any CPU
		{A3000004-0000-0000-0000-000000000004}.Release|Any CPU.ActiveCfg = Release|Any CPU
		{A3000004-0000-0000-0000-000000000004}.Release|Any CPU.Build.0 = Release|Any CPU
		{A3000004-0000-0000-0000-000000000004}.Release|x64.ActiveCfg = Release|Any CPU
		{A3000004-0000-0000-0000-000000000004}.Release|x64.Build.0 = Release|Any CPU
		{A3000004-0000-0000-0000-000000000004}.Release|x86.ActiveCfg = Release|Any CPU
		{A3000004-0000-0000-0000-000000000004}.Release|x86.Build.0 = Release|Any CPU
		{A4000001-0000-0000-0000-000000000001}.Debug|Any CPU.ActiveCfg = Debug|Any CPU
		{A4000001-0000-0000-0000-000000000001}.Debug|Any CPU.Build.0 = Debug|Any CPU
		{A4000001-0000-0000-0000-000000000001}.Debug|x64.ActiveCfg = Debug|Any CPU
		{A4000001-0000-0000-0000-000000000001}.Debug|x64.Build.0 = Debug|Any CPU
		{A4000001-0000-0000-0000-000000000001}.Debug|x86.ActiveCfg = Debug|Any CPU
		{A4000001-0000-0000-0000-000000000001}.Debug|x86.Build.0 = Debug|Any CPU
		{A4000001-0000-0000-0000-000000000001}.Release|Any CPU.ActiveCfg = Release|Any CPU
		{A4000001-0000-0000-0000-000000000001}.Release|Any CPU.Build.0 = Release|Any CPU
		{A4000001-0000-0000-0000-000000000001}.Release|x64.ActiveCfg = Release|Any CPU
		{A4000001-0000-0000-0000-000000000001}.Release|x64.Build.0 = Release|Any CPU
		{A4000001-0000-0000-0000-000000000001}.Release|x86.ActiveCfg = Release|Any CPU
		{A4000001-0000-0000-0000-000000000001}.Release|x86.Build.0 = Release|Any CPU
		{A4000002-0000-0000-0000-000000000002}.Debug|Any CPU.ActiveCfg = Debug|Any CPU
		{A4000002-0000-0000-0000-000000000002}.Debug|Any CPU.Build.0 = Debug|Any CPU
		{A4000002-0000-0000-0000-000000000002}.Debug|x64.ActiveCfg = Debug|Any CPU
		{A4000002-0000-0000-0000-000000000002}.Debug|x64.Build.0 = Debug|Any CPU
		{A4000002-0000-0000-0000-000000000002}.Debug|x86.ActiveCfg = Debug|Any CPU
		{A4000002-0000-0000-0000-000000000002}.Debug|x86.Build.0 = Debug|Any CPU
		{A4000002-0000-0000-0000-000000000002}.Release|Any CPU.ActiveCfg = Release|Any CPU
		{A4000002-0000-0000-0000-000000000002}.Release|Any CPU.Build.0 = Release|Any CPU
		{A4000002-0000-0000-0000-000000000002}.Release|x64.ActiveCfg = Release|Any CPU
		{A4000002-0000-0000-0000-000000000002}.Release|x64.Build.0 = Release|Any CPU
		{A4000002-0000-0000-0000-000000000002}.Release|x86.ActiveCfg = Release|Any CPU
		{A4000002-0000-0000-0000-000000000002}.Release|x86.Build.0 = Release|Any CPU
		{A4000003-0000-0000-0000-000000000003}.Debug|Any CPU.ActiveCfg = Debug|Any CPU
		{A4000003-0000-0000-0000-000000000003}.Debug|Any CPU.Build.0 = Debug|Any CPU
		{A4000003-0000-0000-0000-000000000003}.Debug|x64.ActiveCfg = Debug|Any CPU
		{A4000003-0000-0000-0000-000000000003}.Debug|x64.Build.0 = Debug|Any CPU
		{A4000003-0000-0000-0000-000000000003}.Debug|x86.ActiveCfg = Debug|Any CPU
		{A4000003-0000-0000-0000-000000000003}.Debug|x86.Build.0 = Debug|Any CPU
		{A4000003-0000-0000-0000-000000000003}.Release|Any CPU.ActiveCfg = Release|Any CPU
		{A4000003-0000-0000-0000-000000000003}.Release|Any CPU.Build.0 = Release|Any CPU
		{A4000003-0000-0000-0000-000000000003}.Release|x64.ActiveCfg = Release|Any CPU
		{A4000003-0000-0000-0000-000000000003}.Release|x64.Build.0 = Release|Any CPU
		{A4000003-0000-0000-0000-000000000003}.Release|x86.ActiveCfg = Release|Any CPU
		{A4000003-0000-0000-0000-000000000003}.Release|x86.Build.0 = Release|Any CPU
		{A4000004-0000-0000-0000-000000000004}.Debug|Any CPU.ActiveCfg = Debug|Any CPU
		{A4000004-0000-0000-0000-000000000004}.Debug|Any CPU.Build.0 = Debug|Any CPU
		{A4000004-0000-0000-0000-000000000004}.Debug|x64.ActiveCfg = Debug|Any CPU
		{A4000004-0000-0000-0000-000000000004}.Debug|x64.Build.0 = Debug|Any CPU
		{A4000004-0000-0000-0000-000000000004}.Debug|x86.ActiveCfg = Debug|Any CPU
		{A4000004-0000-0000-0000-000000000004}.Debug|x86.Build.0 = Debug|Any CPU
		{A4000004-0000-0000-0000-000000000004}.Release|Any CPU.ActiveCfg = Release|Any CPU
		{A4000004-0000-0000-0000-000000000004}.Release|Any CPU.Build.0 = Release|Any CPU
		{A4000004-0000-0000-0000-000000000004}.Release|x64.ActiveCfg = Release|Any CPU
		{A4000004-0000-0000-0000-000000000004}.Release|x64.Build.0 = Release|Any CPU
		{A4000004-0000-0000-0000-000000000004}.Release|x86.ActiveCfg = Release|Any CPU
		{A4000004-0000-0000-0000-000000000004}.Release|x86.Build.0 = Release|Any CPU
		{A5000001-0000-0000-0000-000000000001}.Debug|Any CPU.ActiveCfg = Debug|Any CPU
		{A5000001-0000-0000-0000-000000000001}.Debug|Any CPU.Build.0 = Debug|Any CPU
		{A5000001-0000-0000-0000-000000000001}.Debug|x64.ActiveCfg = Debug|Any CPU
		{A5000001-0000-0000-0000-000000000001}.Debug|x64.Build.0 = Debug|Any CPU
		{A5000001-0000-0000-0000-000000000001}.Debug|x86.ActiveCfg = Debug|Any CPU
		{A5000001-0000-0000-0000-000000000001}.Debug|x86.Build.0 = Debug|Any CPU
		{A5000001-0000-0000-0000-000000000001}.Release|Any CPU.ActiveCfg = Release|Any CPU
		{A5000001-0000-0000-0000-000000000001}.Release|Any CPU.Build.0 = Release|Any CPU
		{A5000001-0000-0000-0000-000000000001}.Release|x64.ActiveCfg = Release|Any CPU
		{A5000001-0000-0000-0000-000000000001}.Release|x64.Build.0 = Release|Any CPU
		{A5000001-0000-0000-0000-000000000001}.Release|x86.ActiveCfg = Release|Any CPU
		{A5000001-0000-0000-0000-000000000001}.Release|x86.Build.0 = Release|Any CPU
		{A5000002-0000-0000-0000-000000000002}.Debug|Any CPU.ActiveCfg = Debug|Any CPU
		{A5000002-0000-0000-0000-000000000002}.Debug|Any CPU.Build.0 = Debug|Any CPU
		{A5000002-0000-0000-0000-000000000002}.Debug|x64.ActiveCfg = Debug|Any CPU
		{A5000002-0000-0000-0000-000000000002}.Debug|x64.Build.0 = Debug|Any CPU
		{A5000002-0000-0000-0000-000000000002}.Debug|x86.ActiveCfg = Debug|Any CPU
		{A5000002-0000-0000-0000-000000000002}.Debug|x86.Build.0 = Debug|Any CPU
		{A5000002-0000-0000-0000-000000000002}.Release|Any CPU.ActiveCfg = Release|Any CPU
		{A5000002-0000-0000-0000-000000000002}.Release|Any CPU.Build.0 = Release|Any CPU
		{A5000002-0000-0000-0000-000000000002}.Release|x64.ActiveCfg = Release|Any CPU
		{A5000002-0000-0000-0000-000000000002}.Release|x64.Build.0 = Release|Any CPU
		{A5000002-0000-0000-0000-000000000002}.Release|x86.ActiveCfg = Release|Any CPU
		{A5000002-0000-0000-0000-000000000002}.Release|x86.Build.0 = Release|Any CPU
		{A5000003-0000-0000-0000-000000000003}.Debug|Any CPU.ActiveCfg = Debug|Any CPU
		{A5000003-0000-0000-0000-000000000003}.Debug|Any CPU.Build.0 = Debug|Any CPU
		{A5000003-0000-0000-0000-000000000003}.Debug|x64.ActiveCfg = Debug|Any CPU
		{A5000003-0000-0000-0000-000000000003}.Debug|x64.Build.0 = Debug|Any CPU
		{A5000003-0000-0000-0000-000000000003}.Debug|x86.ActiveCfg = Debug|Any CPU
		{A5000003-0000-0000-0000-000000000003}.Debug|x86.Build.0 = Debug|Any CPU
		{A5000003-0000-0000-0000-000000000003}.Release|Any CPU.ActiveCfg = Release|Any CPU
		{A5000003-0000-0000-0000-000000000003}.Release|Any CPU.Build.0 = Release|Any CPU
		{A5000003-0000-0000-0000-000000000003}.Release|x64.ActiveCfg = Release|Any CPU
		{A5000003-0000-0000-0000-000000000003}.Release|x64.Build.0 = Release|Any CPU
		{A5000003-0000-0000-0000-000000000003}.Release|x86.ActiveCfg = Release|Any CPU
		{A5000003-0000-0000-0000-000000000003}.Release|x86.Build.0 = Release|Any CPU
		{A5000004-0000-0000-0000-000000000004}.Debug|Any CPU.ActiveCfg = Debug|Any CPU
		{A5000004-0000-0000-0000-000000000004}.Debug|Any CPU.Build.0 = Debug|Any CPU
		{A5000004-0000-0000-0000-000000000004}.Debug|x64.ActiveCfg = Debug|Any CPU
		{A5000004-0000-0000-0000-000000000004}.Debug|x64.Build.0 = Debug|Any CPU
		{A5000004-0000-0000-0000-000000000004}.Debug|x86.ActiveCfg = Debug|Any CPU
		{A5000004-0000-0000-0000-000000000004}.Debug|x86.Build.0 = Debug|Any CPU
		{A5000004-0000-0000-0000-000000000004}.Release|Any CPU.ActiveCfg = Release|Any CPU
		{A5000004-0000-0000-0000-000000000004}.Release|Any CPU.Build.0 = Release|Any CPU
		{A5000004-0000-0000-0000-000000000004}.Release|x64.ActiveCfg = Release|Any CPU
		{A5000004-0000-0000-0000-000000000004}.Release|x64.Build.0 = Release|Any CPU
		{A5000004-0000-0000-0000-000000000004}.Release|x86.ActiveCfg = Release|Any CPU
		{A5000004-0000-0000-0000-000000000004}.Release|x86.Build.0 = Release|Any CPU
		{A6000001-0000-0000-0000-000000000001}.Debug|Any CPU.ActiveCfg = Debug|Any CPU
		{A6000001-0000-0000-0000-000000000001}.Debug|Any CPU.Build.0 = Debug|Any CPU
		{A6000001-0000-0000-0000-000000000001}.Debug|x64.ActiveCfg = Debug|Any CPU
		{A6000001-0000-0000-0000-000000000001}.Debug|x64.Build.0 = Debug|Any CPU
		{A6000001-0000-0000-0000-000000000001}.Debug|x86.ActiveCfg = Debug|Any CPU
		{A6000001-0000-0000-0000-000000000001}.Debug|x86.Build.0 = Debug|Any CPU
		{A6000001-0000-0000-0000-000000000001}.Release|Any CPU.ActiveCfg = Release|Any CPU
		{A6000001-0000-0000-0000-000000000001}.Release|Any CPU.Build.0 = Release|Any CPU
		{A6000001-0000-0000-0000-000000000001}.Release|x64.ActiveCfg = Release|Any CPU
		{A6000001-0000-0000-0000-000000000001}.Release|x64.Build.0 = Release|Any CPU
		{A6000001-0000-0000-0000-000000000001}.Release|x86.ActiveCfg = Release|Any CPU
		{A6000001-0000-0000-0000-000000000001}.Release|x86.Build.0 = Release|Any CPU
		{A6000002-0000-0000-0000-000000000002}.Debug|Any CPU.ActiveCfg = Debug|Any CPU
		{A6000002-0000-0000-0000-000000000002}.Debug|Any CPU.Build.0 = Debug|Any CPU
		{A6000002-0000-0000-0000-000000000002}.Debug|x64.ActiveCfg = Debug|Any CPU
		{A6000002-0000-0000-0000-000000000002}.Debug|x64.Build.0 = Debug|Any CPU
		{A6000002-0000-0000-0000-000000000002}.Debug|x86.ActiveCfg = Debug|Any CPU
		{A6000002-0000-0000-0000-000000000002}.Debug|x86.Build.0 = Debug|Any CPU
		{A6000002-0000-0000-0000-000000000002}.Release|Any CPU.ActiveCfg = Release|Any CPU
		{A6000002-0000-0000-0000-000000000002}.Release|Any CPU.Build.0 = Release|Any CPU
		{A6000002-0000-0000-0000-000000000002}.Release|x64.ActiveCfg = Release|Any CPU
		{A6000002-0000-0000-0000-000000000002}.Release|x64.Build.0 = Release|Any CPU
		{A6000002-0000-0000-0000-000000000002}.Release|x86.ActiveCfg = Release|Any CPU
		{A6000002-0000-0000-0000-000000000002}.Release|x86.Build.0 = Release|Any CPU
		{A6000003-0000-0000-0000-000000000003}.Debug|Any CPU.ActiveCfg = Debug|Any CPU
		{A6000003-0000-0000-0000-000000000003}.Debug|Any CPU.Build.0 = Debug|Any CPU
		{A6000003-0000-0000-0000-000000000003}.Debug|x64.ActiveCfg = Debug|Any CPU
		{A6000003-0000-0000-0000-000000000003}.Debug|x64.Build.0 = Debug|Any CPU
		{A6000003-0000-0000-0000-000000000003}.Debug|x86.ActiveCfg = Debug|Any CPU
		{A6000003-0000-0000-0000-000000000003}.Debug|x86.Build.0 = Debug|Any CPU
		{A6000003-0000-0000-0000-000000000003}.Release|Any CPU.ActiveCfg = Release|Any CPU
		{A6000003-0000-0000-0000-000000000003}.Release|Any CPU.Build.0 = Release|Any CPU
		{A6000003-0000-0000-0000-000000000003}.Release|x64.ActiveCfg = Release|Any CPU
		{A6000003-0000-0000-0000-000000000003}.Release|x64.Build.0 = Release|Any CPU
		{A6000003-0000-0000-0000-000000000003}.Release|x86.ActiveCfg = Release|Any CPU
		{A6000003-0000-0000-0000-000000000003}.Release|x86.Build.0 = Release|Any CPU
		{B0000001-0000-0000-0000-000000000001}.Debug|Any CPU.ActiveCfg = Debug|Any CPU
		{B0000001-0000-0000-0000-000000000001}.Debug|Any CPU.Build.0 = Debug|Any CPU
		{B0000001-0000-0000-0000-000000000001}.Debug|x64.ActiveCfg = Debug|Any CPU
		{B0000001-0000-0000-0000-000000000001}.Debug|x64.Build.0 = Debug|Any CPU
		{B0000001-0000-0000-0000-000000000001}.Debug|x86.ActiveCfg = Debug|Any CPU
		{B0000001-0000-0000-0000-000000000001}.Debug|x86.Build.0 = Debug|Any CPU
		{B0000001-0000-0000-0000-000000000001}.Release|Any CPU.ActiveCfg = Release|Any CPU
		{B0000001-0000-0000-0000-000000000001}.Release|Any CPU.Build.0 = Release|Any CPU
		{B0000001-0000-0000-0000-000000000001}.Release|x64.ActiveCfg = Release|Any CPU
		{B0000001-0000-0000-0000-000000000001}.Release|x64.Build.0 = Release|Any CPU
		{B0000001-0000-0000-0000-000000000001}.Release|x86.ActiveCfg = Release|Any CPU
		{B0000001-0000-0000-0000-000000000001}.Release|x86.Build.0 = Release|Any CPU
		{C0000001-0000-0000-0000-000000000001}.Debug|Any CPU.ActiveCfg = Debug|Any CPU
		{C0000001-0000-0000-0000-000000000001}.Debug|Any CPU.Build.0 = Debug|Any CPU
		{C0000001-0000-0000-0000-000000000001}.Debug|x64.ActiveCfg = Debug|Any CPU
		{C0000001-0000-0000-0000-000000000001}.Debug|x64.Build.0 = Debug|Any CPU
		{C0000001-0000-0000-0000-000000000001}.Debug|x86.ActiveCfg = Debug|Any CPU
		{C0000001-0000-0000-0000-000000000001}.Debug|x86.Build.0 = Debug|Any CPU
		{C0000001-0000-0000-0000-000000000001}.Release|Any CPU.ActiveCfg = Release|Any CPU
		{C0000001-0000-0000-0000-000000000001}.Release|Any CPU.Build.0 = Release|Any CPU
		{C0000001-0000-0000-0000-000000000001}.Release|x64.ActiveCfg = Release|Any CPU
		{C0000001-0000-0000-0000-000000000001}.Release|x64.Build.0 = Release|Any CPU
		{C0000001-0000-0000-0000-000000000001}.Release|x86.ActiveCfg = Release|Any CPU
		{C0000001-0000-0000-0000-000000000001}.Release|x86.Build.0 = Release|Any CPU
		{C0000002-0000-0000-0000-000000000002}.Debug|Any CPU.ActiveCfg = Debug|Any CPU
		{C0000002-0000-0000-0000-000000000002}.Debug|Any CPU.Build.0 = Debug|Any CPU
		{C0000002-0000-0000-0000-000000000002}.Debug|x64.ActiveCfg = Debug|Any CPU
		{C0000002-0000-0000-0000-000000000002}.Debug|x64.Build.0 = Debug|Any CPU
		{C0000002-0000-0000-0000-000000000002}.Debug|x86.ActiveCfg = Debug|Any CPU
		{C0000002-0000-0000-0000-000000000002}.Debug|x86.Build.0 = Debug|Any CPU
		{C0000002-0000-0000-0000-000000000002}.Release|Any CPU.ActiveCfg = Release|Any CPU
		{C0000002-0000-0000-0000-000000000002}.Release|Any CPU.Build.0 = Release|Any CPU
		{C0000002-0000-0000-0000-000000000002}.Release|x64.ActiveCfg = Release|Any CPU
		{C0000002-0000-0000-0000-000000000002}.Release|x64.Build.0 = Release|Any CPU
		{C0000002-0000-0000-0000-000000000002}.Release|x86.ActiveCfg = Release|Any CPU
		{C0000002-0000-0000-0000-000000000002}.Release|x86.Build.0 = Release|Any CPU
		{C0000003-0000-0000-0000-000000000003}.Debug|Any CPU.ActiveCfg = Debug|Any CPU
		{C0000003-0000-0000-0000-000000000003}.Debug|Any CPU.Build.0 = Debug|Any CPU
		{C0000003-0000-0000-0000-000000000003}.Debug|x64.ActiveCfg = Debug|Any CPU
		{C0000003-0000-0000-0000-000000000003}.Debug|x64.Build.0 = Debug|Any CPU
		{C0000003-0000-0000-0000-000000000003}.Debug|x86.ActiveCfg = Debug|Any CPU
		{C0000003-0000-0000-0000-000000000003}.Debug|x86.Build.0 = Debug|Any CPU
		{C0000003-0000-0000-0000-000000000003}.Release|Any CPU.ActiveCfg = Release|Any CPU
		{C0000003-0000-0000-0000-000000000003}.Release|Any CPU.Build.0 = Release|Any CPU
		{C0000003-0000-0000-0000-000000000003}.Release|x64.ActiveCfg = Release|Any CPU
		{C0000003-0000-0000-0000-000000000003}.Release|x64.Build.0 = Release|Any CPU
		{C0000003-0000-0000-0000-000000000003}.Release|x86.ActiveCfg = Release|Any CPU
		{C0000003-0000-0000-0000-000000000003}.Release|x86.Build.0 = Release|Any CPU
		{C0000004-0000-0000-0000-000000000004}.Debug|Any CPU.ActiveCfg = Debug|Any CPU
		{C0000004-0000-0000-0000-000000000004}.Debug|Any CPU.Build.0 = Debug|Any CPU
		{C0000004-0000-0000-0000-000000000004}.Debug|x64.ActiveCfg = Debug|Any CPU
		{C0000004-0000-0000-0000-000000000004}.Debug|x64.Build.0 = Debug|Any CPU
		{C0000004-0000-0000-0000-000000000004}.Debug|x86.ActiveCfg = Debug|Any CPU
		{C0000004-0000-0000-0000-000000000004}.Debug|x86.Build.0 = Debug|Any CPU
		{C0000004-0000-0000-0000-000000000004}.Release|Any CPU.ActiveCfg = Release|Any CPU
		{C0000004-0000-0000-0000-000000000004}.Release|Any CPU.Build.0 = Release|Any CPU
		{C0000004-0000-0000-0000-000000000004}.Release|x64.ActiveCfg = Release|Any CPU
		{C0000004-0000-0000-0000-000000000004}.Release|x64.Build.0 = Release|Any CPU
		{C0000004-0000-0000-0000-000000000004}.Release|x86.ActiveCfg = Release|Any CPU
		{C0000004-0000-0000-0000-000000000004}.Release|x86.Build.0 = Release|Any CPU
		{C0000005-0000-0000-0000-000000000005}.Debug|Any CPU.ActiveCfg = Debug|Any CPU
		{C0000005-0000-0000-0000-000000000005}.Debug|Any CPU.Build.0 = Debug|Any CPU
		{C0000005-0000-0000-0000-000000000005}.Debug|x64.ActiveCfg = Debug|Any CPU
		{C0000005-0000-0000-0000-000000000005}.Debug|x64.Build.0 = Debug|Any CPU
		{C0000005-0000-0000-0000-000000000005}.Debug|x86.ActiveCfg = Debug|Any CPU
		{C0000005-0000-0000-0000-000000000005}.Debug|x86.Build.0 = Debug|Any CPU
		{C0000005-0000-0000-0000-000000000005}.Release|Any CPU.ActiveCfg = Release|Any CPU
		{C0000005-0000-0000-0000-000000000005}.Release|Any CPU.Build.0 = Release|Any CPU
		{C0000005-0000-0000-0000-000000000005}.Release|x64.ActiveCfg = Release|Any CPU
		{C0000005-0000-0000-0000-000000000005}.Release|x64.Build.0 = Release|Any CPU
		{C0000005-0000-0000-0000-000000000005}.Release|x86.ActiveCfg = Release|Any CPU
		{C0000005-0000-0000-0000-000000000005}.Release|x86.Build.0 = Release|Any CPU
		{76BDA397-73F7-4D36-9193-51B2B53B6A6C}.Debug|Any CPU.ActiveCfg = Debug|Any CPU
		{76BDA397-73F7-4D36-9193-51B2B53B6A6C}.Debug|Any CPU.Build.0 = Debug|Any CPU
		{76BDA397-73F7-4D36-9193-51B2B53B6A6C}.Debug|x64.ActiveCfg = Debug|Any CPU
		{76BDA397-73F7-4D36-9193-51B2B53B6A6C}.Debug|x64.Build.0 = Debug|Any CPU
		{76BDA397-73F7-4D36-9193-51B2B53B6A6C}.Debug|x86.ActiveCfg = Debug|Any CPU
		{76BDA397-73F7-4D36-9193-51B2B53B6A6C}.Debug|x86.Build.0 = Debug|Any CPU
		{76BDA397-73F7-4D36-9193-51B2B53B6A6C}.Release|Any CPU.ActiveCfg = Release|Any CPU
		{76BDA397-73F7-4D36-9193-51B2B53B6A6C}.Release|Any CPU.Build.0 = Release|Any CPU
		{76BDA397-73F7-4D36-9193-51B2B53B6A6C}.Release|x64.ActiveCfg = Release|Any CPU
		{76BDA397-73F7-4D36-9193-51B2B53B6A6C}.Release|x64.Build.0 = Release|Any CPU
		{76BDA397-73F7-4D36-9193-51B2B53B6A6C}.Release|x86.ActiveCfg = Release|Any CPU
		{76BDA397-73F7-4D36-9193-51B2B53B6A6C}.Release|x86.Build.0 = Release|Any CPU
	EndGlobalSection
	GlobalSection(SolutionProperties) = preSolution
		HideSolutionNode = FALSE
	EndGlobalSection
	GlobalSection(NestedProjects) = preSolution
		{984BB9B3-3FA3-BE33-9484-CAC21695A33C} = {827E0CD3-B72D-47B6-A68D-7590B98EB39B}
		{C956A69C-8222-8E0F-7E05-45145B4D88F9} = {984BB9B3-3FA3-BE33-9484-CAC21695A33C}
		{76BDA397-73F7-4D36-9193-51B2B53B6A6C} = {C956A69C-8222-8E0F-7E05-45145B4D88F9}
	EndGlobalSection
EndGlobal
